
Microsoft Visual Studio Solution File, Format Version 12.00
# Visual Studio 2013
VisualStudioVersion = 12.0.30723.0
MinimumVisualStudioVersion = 10.0.40219.1
Project("{FAE04EC0-301F-11D3-BF4B-00C04F79EFBC}") = "Ef.Factory", "Ef.Factory.csproj", "{819FBC6E-A0A0-4D61-8138-3E4457F2CB37}"
EndProject
Global
	GlobalSection(SolutionConfigurationPlatforms) = preSolution
		Debug|Any CPU = Debug|Any CPU
		Release|Any CPU = Release|Any CPU
	EndGlobalSection
	GlobalSection(ProjectConfigurationPlatforms) = postSolution
		{819FBC6E-A0A0-4D61-8138-3E4457F2CB37}.Debug|Any CPU.ActiveCfg = Debug|Any CPU
		{819FBC6E-A0A0-4D61-8138-3E4457F2CB37}.Debug|Any CPU.Build.0 = Debug|Any CPU
		{819FBC6E-A0A0-4D61-8138-3E4457F2CB37}.Release|Any CPU.ActiveCfg = Release|Any CPU
		{819FBC6E-A0A0-4D61-8138-3E4457F2CB37}.Release|Any CPU.Build.0 = Release|Any CPU
	EndGlobalSection
	GlobalSection(SolutionProperties) = preSolution
		HideSolutionNode = FALSE
	EndGlobalSection
EndGlobal
